
Microsoft Visual Studio Solution File, Format Version 12.00
# Visual Studio 15
VisualStudioVersion = 15.0.28307.168
MinimumVisualStudioVersion = 10.0.40219.1
Project("{FAE04EC0-301F-11D3-BF4B-00C04F79EFBC}") = "WebApplication1", "WebApplication1\WebApplication1.csproj", "{51C6AB5F-B528-441B-808C-35E725929392}"
EndProject
Global
	GlobalSection(SolutionConfigurationPlatforms) = preSolution
		Debug|Any CPU = Debug|Any CPU
		Release|Any CPU = Release|Any CPU
	EndGlobalSection
	GlobalSection(ProjectConfigurationPlatforms) = postSolution
		{51C6AB5F-B528-441B-808C-35E725929392}.Debug|Any CPU.ActiveCfg = Debug|Any CPU
		{51C6AB5F-B528-441B-808C-35E725929392}.Debug|Any CPU.Build.0 = Debug|Any CPU
		{51C6AB5F-B528-441B-808C-35E725929392}.Release|Any CPU.ActiveCfg = Release|Any CPU
		{51C6AB5F-B528-441B-808C-35E725929392}.Release|Any CPU.Build.0 = Release|Any CPU
	EndGlobalSection
	GlobalSection(SolutionProperties) = preSolution
		HideSolutionNode = FALSE
	EndGlobalSection
	GlobalSection(ExtensibilityGlobals) = postSolution
		SolutionGuid = {76CB570B-ED0F-455D-899F-273C2793C328}
	EndGlobalSection
EndGlobal
